
Microsoft Visual Studio Solution File, Format Version 12.00
# Visual Studio Version 17
VisualStudioVersion = 17.7.34031.279
MinimumVisualStudioVersion = 10.0.40219.1
Project("{9A19103F-16F7-4668-BE54-9A1E7A4F7556}") = "CSCI5220LecW04", "CSCI5220LecW04\CSCI5220LecW04.csproj", "{D094E5ED-3989-4A59-9C59-5CE3855CCE04}"
EndProject
Project("{FAE04EC0-301F-11D3-BF4B-00C04F79EFBC}") = "RemoteApp.Testing", "UnitTest1\RemoteApp.Testing.csproj", "{928865E4-0BB8-4559-8A58-735B53961B03}"
EndProject
Project("{FAE04EC0-301F-11D3-BF4B-00C04F79EFBC}") = "RemoteApp.Logic", "RemoteApp.Logic\RemoteApp.Logic.csproj", "{C398424B-8E56-4110-BBB7-C4ACA972A973}"
EndProject
Global
	GlobalSection(SolutionConfigurationPlatforms) = preSolution
		Debug|Any CPU = Debug|Any CPU
		Release|Any CPU = Release|Any CPU
	EndGlobalSection
	GlobalSection(ProjectConfigurationPlatforms) = postSolution
		{D094E5ED-3989-4A59-9C59-5CE3855CCE04}.Debug|Any CPU.ActiveCfg = Debug|Any CPU
		{D094E5ED-3989-4A59-9C59-5CE3855CCE04}.Debug|Any CPU.Build.0 = Debug|Any CPU
		{D094E5ED-3989-4A59-9C59-5CE3855CCE04}.Release|Any CPU.ActiveCfg = Release|Any CPU
		{D094E5ED-3989-4A59-9C59-5CE3855CCE04}.Release|Any CPU.Build.0 = Release|Any CPU
		{928865E4-0BB8-4559-8A58-735B53961B03}.Debug|Any CPU.ActiveCfg = Debug|Any CPU
		{928865E4-0BB8-4559-8A58-735B53961B03}.Debug|Any CPU.Build.0 = Debug|Any CPU
		{928865E4-0BB8-4559-8A58-735B53961B03}.Release|Any CPU.ActiveCfg = Release|Any CPU
		{928865E4-0BB8-4559-8A58-735B53961B03}.Release|Any CPU.Build.0 = Release|Any CPU
		{C398424B-8E56-4110-BBB7-C4ACA972A973}.Debug|Any CPU.ActiveCfg = Debug|Any CPU
		{C398424B-8E56-4110-BBB7-C4ACA972A973}.Debug|Any CPU.Build.0 = Debug|Any CPU
		{C398424B-8E56-4110-BBB7-C4ACA972A973}.Release|Any CPU.ActiveCfg = Release|Any CPU
		{C398424B-8E56-4110-BBB7-C4ACA972A973}.Release|Any CPU.Build.0 = Release|Any CPU
	EndGlobalSection
	GlobalSection(SolutionProperties) = preSolution
		HideSolutionNode = FALSE
	EndGlobalSection
	GlobalSection(ExtensibilityGlobals) = postSolution
		SolutionGuid = {FBECCAD5-7A2B-4CED-B701-398B73537A90}
	EndGlobalSection
EndGlobal
